// !$*UTF8*$!
{
	archiveVersion = 1;
	classes = {
	};
	objectVersion = 77;
	objects = {

/* Begin PBXContainerItemProxy section */
		822AF1BA2DB2E36B0073ACF1 /* PBXContainerItemProxy */ = {
			isa = PBXContainerItemProxy;
			containerPortal = 822AF1A12DB2E36A0073ACF1 /* Project object */;
			proxyType = 1;
			remoteGlobalIDString = 822AF1A82DB2E36A0073ACF1;
			remoteInfo = RockPaperScissorsWinLose;
		};
		822AF1C42DB2E36B0073ACF1 /* PBXContainerItemProxy */ = {
			isa = PBXContainerItemProxy;
			containerPortal = 822AF1A12DB2E36A0073ACF1 /* Project object */;
			proxyType = 1;
			remoteGlobalIDString = 822AF1A82DB2E36A0073ACF1;
			remoteInfo = RockPaperScissorsWinLose;
		};
/* End PBXContainerItemProxy section */

/* Begin PBXFileReference section */
		822AF1A92DB2E36A0073ACF1 /* RockPaperScissorsWinLose.app */ = {isa = PBXFileReference; explicitFileType = wrapper.application; includeInIndex = 0; path = RockPaperScissorsWinLose.app; sourceTree = BUILT_PRODUCTS_DIR; };
		822AF1B92DB2E36B0073ACF1 /* RockPaperScissorsWinLoseTests.xctest */ = {isa = PBXFileReference; explicitFileType = wrapper.cfbundle; includeInIndex = 0; path = RockPaperScissorsWinLoseTests.xctest; sourceTree = BUILT_PRODUCTS_DIR; };
		822AF1C32DB2E36B0073ACF1 /* RockPaperScissorsWinLoseUITests.xctest */ = {isa = PBXFileReference; explicitFileType = wrapper.cfbundle; includeInIndex = 0; path = RockPaperScissorsWinLoseUITests.xctest; sourceTree = BUILT_PRODUCTS_DIR; };
/* End PBXFileReference section */

/* Begin PBXFileSystemSynchronizedRootGroup section */
		822AF1AB2DB2E36A0073ACF1 /* RockPaperScissorsWinLose */ = {
			isa = PBXFileSystemSynchronizedRootGroup;
			path = RockPaperScissorsWinLose;
			sourceTree = "<group>";
		};
		822AF1BC2DB2E36B0073ACF1 /* RockPaperScissorsWinLoseTests */ = {
			isa = PBXFileSystemSynchronizedRootGroup;
			path = RockPaperScissorsWinLoseTests;
			sourceTree = "<group>";
		};
		822AF1C62DB2E36B0073ACF1 /* RockPaperScissorsWinLoseUITests */ = {
			isa = PBXFileSystemSynchronizedRootGroup;
			path = RockPaperScissorsWinLoseUITests;
			sourceTree = "<group>";
		};
/* End PBXFileSystemSynchronizedRootGroup section */

/* Begin PBXFrameworksBuildPhase section */
		822AF1A62DB2E36A0073ACF1 /* Frameworks */ = {
			isa = PBXFrameworksBuildPhase;
			buildActionMask = 2147483647;
			files = (
			);
			runOnlyForDeploymentPostprocessing = 0;
		};
		822AF1B62DB2E36B0073ACF1 /* Frameworks */ = {
			isa = PBXFrameworksBuildPhase;
			buildActionMask = 2147483647;
			files = (
			);
			runOnlyForDeploymentPostprocessing = 0;
		};
		822AF1C02DB2E36B0073ACF1 /* Frameworks */ = {
			isa = PBXFrameworksBuildPhase;
			buildActionMask = 2147483647;
			files = (
			);
			runOnlyForDeploymentPostprocessing = 0;
		};
/* End PBXFrameworksBuildPhase section */

/* Begin PBXGroup section */
		822AF1A02DB2E36A0073ACF1 = {
			isa = PBXGroup;
			children = (
				822AF1AB2DB2E36A0073ACF1 /* RockPaperScissorsWinLose */,
				822AF1BC2DB2E36B0073ACF1 /* RockPaperScissorsWinLoseTests */,
				822AF1C62DB2E36B0073ACF1 /* RockPaperScissorsWinLoseUITests */,
				822AF1AA2DB2E36A0073ACF1 /* Products */,
			);
			sourceTree = "<group>";
		};
		822AF1AA2DB2E36A0073ACF1 /* Products */ = {
			isa = PBXGroup;
			children = (
				822AF1A92DB2E36A0073ACF1 /* RockPaperScissorsWinLose.app */,
				822AF1B92DB2E36B0073ACF1 /* RockPaperScissorsWinLoseTests.xctest */,
				822AF1C32DB2E36B0073ACF1 /* RockPaperScissorsWinLoseUITests.xctest */,
			);
			name = Products;
			sourceTree = "<group>";
		};
/* End PBXGroup section */

/* Begin PBXNativeTarget section */
		822AF1A82DB2E36A0073ACF1 /* RockPaperScissorsWinLose */ = {
			isa = PBXNativeTarget;
			buildConfigurationList = 822AF1CD2DB2E36B0073ACF1 /* Build configuration list for PBXNativeTarget "RockPaperScissorsWinLose" */;
			buildPhases = (
				822AF1A52DB2E36A0073ACF1 /* Sources */,
				822AF1A62DB2E36A0073ACF1 /* Frameworks */,
				822AF1A72DB2E36A0073ACF1 /* Resources */,
			);
			buildRules = (
			);
			dependencies = (
			);
			fileSystemSynchronizedGroups = (
				822AF1AB2DB2E36A0073ACF1 /* RockPaperScissorsWinLose */,
			);
			name = RockPaperScissorsWinLose;
			packageProductDependencies = (
			);
			productName = RockPaperScissorsWinLose;
			productReference = 822AF1A92DB2E36A0073ACF1 /* RockPaperScissorsWinLose.app */;
			productType = "com.apple.product-type.application";
		};
		822AF1B82DB2E36B0073ACF1 /* RockPaperScissorsWinLoseTests */ = {
			isa = PBXNativeTarget;
			buildConfigurationList = 822AF1D02DB2E36B0073ACF1 /* Build configuration list for PBXNativeTarget "RockPaperScissorsWinLoseTests" */;
			buildPhases = (
				822AF1B52DB2E36B0073ACF1 /* Sources */,
				822AF1B62DB2E36B0073ACF1 /* Frameworks */,
				822AF1B72DB2E36B0073ACF1 /* Resources */,
			);
			buildRules = (
			);
			dependencies = (
				822AF1BB2DB2E36B0073ACF1 /* PBXTargetDependency */,
			);
			fileSystemSynchronizedGroups = (
				822AF1BC2DB2E36B0073ACF1 /* RockPaperScissorsWinLoseTests */,
			);
			name = RockPaperScissorsWinLoseTests;
			packageProductDependencies = (
			);
			productName = RockPaperScissorsWinLoseTests;
			productReference = 822AF1B92DB2E36B0073ACF1 /* RockPaperScissorsWinLoseTests.xctest */;
			productType = "com.apple.product-type.bundle.unit-test";
		};
		822AF1C22DB2E36B0073ACF1 /* RockPaperScissorsWinLoseUITests */ = {
			isa = PBXNativeTarget;
			buildConfigurationList = 822AF1D32DB2E36B0073ACF1 /* Build configuration list for PBXNativeTarget "RockPaperScissorsWinLoseUITests" */;
			buildPhases = (
				822AF1BF2DB2E36B0073ACF1 /* Sources */,
				822AF1C02DB2E36B0073ACF1 /* Frameworks */,
				822AF1C12DB2E36B0073ACF1 /* Resources */,
			);
			buildRules = (
			);
			dependencies = (
				822AF1C52DB2E36B0073ACF1 /* PBXTargetDependency */,
			);
			fileSystemSynchronizedGroups = (
				822AF1C62DB2E36B0073ACF1 /* RockPaperScissorsWinLoseUITests */,
			);
			name = RockPaperScissorsWinLoseUITests;
			packageProductDependencies = (
			);
			productName = RockPaperScissorsWinLoseUITests;
			productReference = 822AF1C32DB2E36B0073ACF1 /* RockPaperScissorsWinLoseUITests.xctest */;
			productType = "com.apple.product-type.bundle.ui-testing";
		};
/* End PBXNativeTarget section */

/* Begin PBXProject section */
		822AF1A12DB2E36A0073ACF1 /* Project object */ = {
			isa = PBXProject;
			attributes = {
				BuildIndependentTargetsInParallel = 1;
				LastSwiftUpdateCheck = 1620;
				LastUpgradeCheck = 1620;
				TargetAttributes = {
					822AF1A82DB2E36A0073ACF1 = {
						CreatedOnToolsVersion = 16.2;
					};
					822AF1B82DB2E36B0073ACF1 = {
						CreatedOnToolsVersion = 16.2;
						TestTargetID = 822AF1A82DB2E36A0073ACF1;
					};
					822AF1C22DB2E36B0073ACF1 = {
						CreatedOnToolsVersion = 16.2;
						TestTargetID = 822AF1A82DB2E36A0073ACF1;
					};
				};
			};
			buildConfigurationList = 822AF1A42DB2E36A0073ACF1 /* Build configuration list for PBXProject "RockPaperScissorsWinLose" */;
			developmentRegion = en;
			hasScannedForEncodings = 0;
			knownRegions = (
				en,
				Base,
			);
			mainGroup = 822AF1A02DB2E36A0073ACF1;
			minimizedProjectReferenceProxies = 1;
			preferredProjectObjectVersion = 77;
			productRefGroup = 822AF1AA2DB2E36A0073ACF1 /* Products */;
			projectDirPath = "";
			projectRoot = "";
			targets = (
				822AF1A82DB2E36A0073ACF1 /* RockPaperScissorsWinLose */,
				822AF1B82DB2E36B0073ACF1 /* RockPaperScissorsWinLoseTests */,
				822AF1C22DB2E36B0073ACF1 /* RockPaperScissorsWinLoseUITests */,
			);
		};
/* End PBXProject section */

/* Begin PBXResourcesBuildPhase section */
		822AF1A72DB2E36A0073ACF1 /* Resources */ = {
			isa = PBXResourcesBuildPhase;
			buildActionMask = 2147483647;
			files = (
			);
			runOnlyForDeploymentPostprocessing = 0;
		};
		822AF1B72DB2E36B0073ACF1 /* Resources */ = {
			isa = PBXResourcesBuildPhase;
			buildActionMask = 2147483647;
			files = (
			);
			runOnlyForDeploymentPostprocessing = 0;
		};
		822AF1C12DB2E36B0073ACF1 /* Resources */ = {
			isa = PBXResourcesBuildPhase;
			buildActionMask = 2147483647;
			files = (
			);
			runOnlyForDeploymentPostprocessing = 0;
		};
/* End PBXResourcesBuildPhase section */

/* Begin PBXSourcesBuildPhase section */
		822AF1A52DB2E36A0073ACF1 /* Sources */ = {
			isa = PBXSourcesBuildPhase;
			buildActionMask = 2147483647;
			files = (
			);
			runOnlyForDeploymentPostprocessing = 0;
		};
		822AF1B52DB2E36B0073ACF1 /* Sources */ = {
			isa = PBXSourcesBuildPhase;
			buildActionMask = 2147483647;
			files = (
			);
			runOnlyForDeploymentPostprocessing = 0;
		};
		822AF1BF2DB2E36B0073ACF1 /* Sources */ = {
			isa = PBXSourcesBuildPhase;
			buildActionMask = 2147483647;
			files = (
			);
			runOnlyForDeploymentPostprocessing = 0;
		};
/* End PBXSourcesBuildPhase section */

/* Begin PBXTargetDependency section */
		822AF1BB2DB2E36B0073ACF1 /* PBXTargetDependency */ = {
			isa = PBXTargetDependency;
			target = 822AF1A82DB2E36A0073ACF1 /* RockPaperScissorsWinLose */;
			targetProxy = 822AF1BA2DB2E36B0073ACF1 /* PBXContainerItemProxy */;
		};
		822AF1C52DB2E36B0073ACF1 /* PBXTargetDependency */ = {
			isa = PBXTargetDependency;
			target = 822AF1A82DB2E36A0073ACF1 /* RockPaperScissorsWinLose */;
			targetProxy = 822AF1C42DB2E36B0073ACF1 /* PBXContainerItemProxy */;
		};
/* End PBXTargetDependency section */

/* Begin XCBuildConfiguration section */
		822AF1CB2DB2E36B0073ACF1 /* Debug */ = {
			isa = XCBuildConfiguration;
			buildSettings = {
				ALWAYS_SEARCH_USER_PATHS = NO;
				ASSETCATALOG_COMPILER_GENERATE_SWIFT_ASSET_SYMBOL_EXTENSIONS = YES;
				CLANG_ANALYZER_NONNULL = YES;
				CLANG_ANALYZER_NUMBER_OBJECT_CONVERSION = YES_AGGRESSIVE;
				CLANG_CXX_LANGUAGE_STANDARD = "gnu++20";
				CLANG_ENABLE_MODULES = YES;
				CLANG_ENABLE_OBJC_ARC = YES;
				CLANG_ENABLE_OBJC_WEAK = YES;
				CLANG_WARN_BLOCK_CAPTURE_AUTORELEASING = YES;
				CLANG_WARN_BOOL_CONVERSION = YES;
				CLANG_WARN_COMMA = YES;
				CLANG_WARN_CONSTANT_CONVERSION = YES;
				CLANG_WARN_DEPRECATED_OBJC_IMPLEMENTATIONS = YES;
				CLANG_WARN_DIRECT_OBJC_ISA_USAGE = YES_ERROR;
				CLANG_WARN_DOCUMENTATION_COMMENTS = YES;
				CLANG_WARN_EMPTY_BODY = YES;
				CLANG_WARN_ENUM_CONVERSION = YES;
				CLANG_WARN_INFINITE_RECURSION = YES;
				CLANG_WARN_INT_CONVERSION = YES;
				CLANG_WARN_NON_LITERAL_NULL_CONVERSION = YES;
				CLANG_WARN_OBJC_IMPLICIT_RETAIN_SELF = YES;
				CLANG_WARN_OBJC_LITERAL_CONVERSION = YES;
				CLANG_WARN_OBJC_ROOT_CLASS = YES_ERROR;
				CLANG_WARN_QUOTED_INCLUDE_IN_FRAMEWORK_HEADER = YES;
				CLANG_WARN_RANGE_LOOP_ANALYSIS = YES;
				CLANG_WARN_STRICT_PROTOTYPES = YES;
				CLANG_WARN_SUSPICIOUS_MOVE = YES;
				CLANG_WARN_UNGUARDED_AVAILABILITY = YES_AGGRESSIVE;
				CLANG_WARN_UNREACHABLE_CODE = YES;
				CLANG_WARN__DUPLICATE_METHOD_MATCH = YES;
				COPY_PHASE_STRIP = NO;
				DEBUG_INFORMATION_FORMAT = dwarf;
				ENABLE_STRICT_OBJC_MSGSEND = YES;
				ENABLE_TESTABILITY = YES;
				ENABLE_USER_SCRIPT_SANDBOXING = YES;
				GCC_C_LANGUAGE_STANDARD = gnu17;
				GCC_DYNAMIC_NO_PIC = NO;
				GCC_NO_COMMON_BLOCKS = YES;
				GCC_OPTIMIZATION_LEVEL = 0;
				GCC_PREPROCESSOR_DEFINITIONS = (
					"DEBUG=1",
					"$(inherited)",
				);
				GCC_WARN_64_TO_32_BIT_CONVERSION = YES;
				GCC_WARN_ABOUT_RETURN_TYPE = YES_ERROR;
				GCC_WARN_UNDECLARED_SELECTOR = YES;
				GCC_WARN_UNINITIALIZED_AUTOS = YES_AGGRESSIVE;
				GCC_WARN_UNUSED_FUNCTION = YES;
				GCC_WARN_UNUSED_VARIABLE = YES;
				IPHONEOS_DEPLOYMENT_TARGET = 18.2;
				LOCALIZATION_PREFERS_STRING_CATALOGS = YES;
				MTL_ENABLE_DEBUG_INFO = INCLUDE_SOURCE;
				MTL_FAST_MATH = YES;
				ONLY_ACTIVE_ARCH = YES;
				SDKROOT = iphoneos;
				SWIFT_ACTIVE_COMPILATION_CONDITIONS = "DEBUG $(inherited)";
				SWIFT_OPTIMIZATION_LEVEL = "-Onone";
			};
			name = Debug;
		};
		822AF1CC2DB2E36B0073ACF1 /* Release */ = {
			isa = XCBuildConfiguration;
			buildSettings = {
				ALWAYS_SEARCH_USER_PATHS = NO;
				ASSETCATALOG_COMPILER_GENERATE_SWIFT_ASSET_SYMBOL_EXTENSIONS = YES;
				CLANG_ANALYZER_NONNULL = YES;
				CLANG_ANALYZER_NUMBER_OBJECT_CONVERSION = YES_AGGRESSIVE;
				CLANG_CXX_LANGUAGE_STANDARD = "gnu++20";
				CLANG_ENABLE_MODULES = YES;
				CLANG_ENABLE_OBJC_ARC = YES;
				CLANG_ENABLE_OBJC_WEAK = YES;
				CLANG_WARN_BLOCK_CAPTURE_AUTORELEASING = YES;
				CLANG_WARN_BOOL_CONVERSION = YES;
				CLANG_WARN_COMMA = YES;
				CLANG_WARN_CONSTANT_CONVERSION = YES;
				CLANG_WARN_DEPRECATED_OBJC_IMPLEMENTATIONS = YES;
				CLANG_WARN_DIRECT_OBJC_ISA_USAGE = YES_ERROR;
				CLANG_WARN_DOCUMENTATION_COMMENTS = YES;
				CLANG_WARN_EMPTY_BODY = YES;
				CLANG_WARN_ENUM_CONVERSION = YES;
				CLANG_WARN_INFINITE_RECURSION = YES;
				CLANG_WARN_INT_CONVERSION = YES;
				CLANG_WARN_NON_LITERAL_NULL_CONVERSION = YES;
				CLANG_WARN_OBJC_IMPLICIT_RETAIN_SELF = YES;
				CLANG_WARN_OBJC_LITERAL_CONVERSION = YES;
				CLANG_WARN_OBJC_ROOT_CLASS = YES_ERROR;
				CLANG_WARN_QUOTED_INCLUDE_IN_FRAMEWORK_HEADER = YES;
				CLANG_WARN_RANGE_LOOP_ANALYSIS = YES;
				CLANG_WARN_STRICT_PROTOTYPES = YES;
				CLANG_WARN_SUSPICIOUS_MOVE = YES;
				CLANG_WARN_UNGUARDED_AVAILABILITY = YES_AGGRESSIVE;
				CLANG_WARN_UNREACHABLE_CODE = YES;
				CLANG_WARN__DUPLICATE_METHOD_MATCH = YES;
				COPY_PHASE_STRIP = NO;
				DEBUG_INFORMATION_FORMAT = "dwarf-with-dsym";
				ENABLE_NS_ASSERTIONS = NO;
				ENABLE_STRICT_OBJC_MSGSEND = YES;
				ENABLE_USER_SCRIPT_SANDBOXING = YES;
				GCC_C_LANGUAGE_STANDARD = gnu17;
				GCC_NO_COMMON_BLOCKS = YES;
				GCC_WARN_64_TO_32_BIT_CONVERSION = YES;
				GCC_WARN_ABOUT_RETURN_TYPE = YES_ERROR;
				GCC_WARN_UNDECLARED_SELECTOR = YES;
				GCC_WARN_UNINITIALIZED_AUTOS = YES_AGGRESSIVE;
				GCC_WARN_UNUSED_FUNCTION = YES;
				GCC_WARN_UNUSED_VARIABLE = YES;
				IPHONEOS_DEPLOYMENT_TARGET = 18.2;
				LOCALIZATION_PREFERS_STRING_CATALOGS = YES;
				MTL_ENABLE_DEBUG_INFO = NO;
				MTL_FAST_MATH = YES;
				SDKROOT = iphoneos;
				SWIFT_COMPILATION_MODE = wholemodule;
				VALIDATE_PRODUCT = YES;
			};
			name = Release;
		};
		822AF1CE2DB2E36B0073ACF1 /* Debug */ = {
			isa = XCBuildConfiguration;
			buildSettings = {
				ASSETCATALOG_COMPILER_APPICON_NAME = AppIcon;
				ASSETCATALOG_COMPILER_GLOBAL_ACCENT_COLOR_NAME = AccentColor;
				CODE_SIGN_STYLE = Automatic;
				CURRENT_PROJECT_VERSION = 1;
				DEVELOPMENT_ASSET_PATHS = "\"RockPaperScissorsWinLose/Preview Content\"";
				DEVELOPMENT_TEAM = 5Z853L7CZU;
				ENABLE_PREVIEWS = YES;
				GENERATE_INFOPLIST_FILE = YES;
				INFOPLIST_KEY_UIApplicationSceneManifest_Generation = YES;
				INFOPLIST_KEY_UIApplicationSupportsIndirectInputEvents = YES;
				INFOPLIST_KEY_UILaunchScreen_Generation = YES;
				INFOPLIST_KEY_UISupportedInterfaceOrientations_iPad = "UIInterfaceOrientationPortrait UIInterfaceOrientationPortraitUpsideDown UIInterfaceOrientationLandscapeLeft UIInterfaceOrientationLandscapeRight";
				INFOPLIST_KEY_UISupportedInterfaceOrientations_iPhone = "UIInterfaceOrientationPortrait UIInterfaceOrientationLandscapeLeft UIInterfaceOrientationLandscapeRight";
				LD_RUNPATH_SEARCH_PATHS = (
					"$(inherited)",
					"@executable_path/Frameworks",
				);
				MARKETING_VERSION = 1.0;
				PRODUCT_BUNDLE_IDENTIFIER = com.uglyelf.RockPaperScissorsWinLose;
				PRODUCT_NAME = "$(TARGET_NAME)";
				SWIFT_EMIT_LOC_STRINGS = YES;
				SWIFT_VERSION = 5.0;
				TARGETED_DEVICE_FAMILY = "1,2";
			};
			name = Debug;
		};
		822AF1CF2DB2E36B0073ACF1 /* Release */ = {
			isa = XCBuildConfiguration;
			buildSettings = {
				ASSETCATALOG_COMPILER_APPICON_NAME = AppIcon;
				ASSETCATALOG_COMPILER_GLOBAL_ACCENT_COLOR_NAME = AccentColor;
				CODE_SIGN_STYLE = Automatic;
				CURRENT_PROJECT_VERSION = 1;
				DEVELOPMENT_ASSET_PATHS = "\"RockPaperScissorsWinLose/Preview Content\"";
				DEVELOPMENT_TEAM = 5Z853L7CZU;
				ENABLE_PREVIEWS = YES;
				GENERATE_INFOPLIST_FILE = YES;
				INFOPLIST_KEY_UIApplicationSceneManifest_Generation = YES;
				INFOPLIST_KEY_UIApplicationSupportsIndirectInputEvents = YES;
				INFOPLIST_KEY_UILaunchScreen_Generation = YES;
				INFOPLIST_KEY_UISupportedInterfaceOrientations_iPad = "UIInterfaceOrientationPortrait UIInterfaceOrientationPortraitUpsideDown UIInterfaceOrientationLandscapeLeft UIInterfaceOrientationLandscapeRight";
				INFOPLIST_KEY_UISupportedInterfaceOrientations_iPhone = "UIInterfaceOrientationPortrait UIInterfaceOrientationLandscapeLeft UIInterfaceOrientationLandscapeRight";
				LD_RUNPATH_SEARCH_PATHS = (
					"$(inherited)",
					"@executable_path/Frameworks",
				);
				MARKETING_VERSION = 1.0;
				PRODUCT_BUNDLE_IDENTIFIER = com.uglyelf.RockPaperScissorsWinLose;
				PRODUCT_NAME = "$(TARGET_NAME)";
				SWIFT_EMIT_LOC_STRINGS = YES;
				SWIFT_VERSION = 5.0;
				TARGETED_DEVICE_FAMILY = "1,2";
			};
			name = Release;
		};
		822AF1D12DB2E36B0073ACF1 /* Debug */ = {
			isa = XCBuildConfiguration;
			buildSettings = {
				BUNDLE_LOADER = "$(TEST_HOST)";
				CODE_SIGN_STYLE = Automatic;
				CURRENT_PROJECT_VERSION = 1;
				DEVELOPMENT_TEAM = 5Z853L7CZU;
				GENERATE_INFOPLIST_FILE = YES;
				IPHONEOS_DEPLOYMENT_TARGET = 18.2;
				MARKETING_VERSION = 1.0;
				PRODUCT_BUNDLE_IDENTIFIER = com.uglyelf.RockPaperScissorsWinLoseTests;
				PRODUCT_NAME = "$(TARGET_NAME)";
				SWIFT_EMIT_LOC_STRINGS = NO;
				SWIFT_VERSION = 5.0;
				TARGETED_DEVICE_FAMILY = "1,2";
				TEST_HOST = "$(BUILT_PRODUCTS_DIR)/RockPaperScissorsWinLose.app/$(BUNDLE_EXECUTABLE_FOLDER_PATH)/RockPaperScissorsWinLose";
			};
			name = Debug;
		};
		822AF1D22DB2E36B0073ACF1 /* Release */ = {
			isa = XCBuildConfiguration;
			buildSettings = {
				BUNDLE_LOADER = "$(TEST_HOST)";
				CODE_SIGN_STYLE = Automatic;
				CURRENT_PROJECT_VERSION = 1;
				DEVELOPMENT_TEAM = 5Z853L7CZU;
				GENERATE_INFOPLIST_FILE = YES;
				IPHONEOS_DEPLOYMENT_TARGET = 18.2;
				MARKETING_VERSION = 1.0;
				PRODUCT_BUNDLE_IDENTIFIER = com.uglyelf.RockPaperScissorsWinLoseTests;
				PRODUCT_NAME = "$(TARGET_NAME)";
				SWIFT_EMIT_LOC_STRINGS = NO;
				SWIFT_VERSION = 5.0;
				TARGETED_DEVICE_FAMILY = "1,2";
				TEST_HOST = "$(BUILT_PRODUCTS_DIR)/RockPaperScissorsWinLose.app/$(BUNDLE_EXECUTABLE_FOLDER_PATH)/RockPaperScissorsWinLose";
			};
			name = Release;
		};
		822AF1D42DB2E36B0073ACF1 /* Debug */ = {
			isa = XCBuildConfiguration;
			buildSettings = {
				CODE_SIGN_STYLE = Automatic;
				CURRENT_PROJECT_VERSION = 1;
				DEVELOPMENT_TEAM = 5Z853L7CZU;
				GENERATE_INFOPLIST_FILE = YES;
				MARKETING_VERSION = 1.0;
				PRODUCT_BUNDLE_IDENTIFIER = com.uglyelf.RockPaperScissorsWinLoseUITests;
				PRODUCT_NAME = "$(TARGET_NAME)";
				SWIFT_EMIT_LOC_STRINGS = NO;
				SWIFT_VERSION = 5.0;
				TARGETED_DEVICE_FAMILY = "1,2";
				TEST_TARGET_NAME = RockPaperScissorsWinLose;
			};
			name = Debug;
		};
		822AF1D52DB2E36B0073ACF1 /* Release */ = {
			isa = XCBuildConfiguration;
			buildSettings = {
				CODE_SIGN_STYLE = Automatic;
				CURRENT_PROJECT_VERSION = 1;
				DEVELOPMENT_TEAM = 5Z853L7CZU;
				GENERATE_INFOPLIST_FILE = YES;
				MARKETING_VERSION = 1.0;
				PRODUCT_BUNDLE_IDENTIFIER = com.uglyelf.RockPaperScissorsWinLoseUITests;
				PRODUCT_NAME = "$(TARGET_NAME)";
				SWIFT_EMIT_LOC_STRINGS = NO;
				SWIFT_VERSION = 5.0;
				TARGETED_DEVICE_FAMILY = "1,2";
				TEST_TARGET_NAME = RockPaperScissorsWinLose;
			};
			name = Release;
		};
/* End XCBuildConfiguration section */

/* Begin XCConfigurationList section */
		822AF1A42DB2E36A0073ACF1 /* Build configuration list for PBXProject "RockPaperScissorsWinLose" */ = {
			isa = XCConfigurationList;
			buildConfigurations = (
				822AF1CB2DB2E36B0073ACF1 /* Debug */,
				822AF1CC2DB2E36B0073ACF1 /* Release */,
			);
			defaultConfigurationIsVisible = 0;
			defaultConfigurationName = Release;
		};
		822AF1CD2DB2E36B0073ACF1 /* Build configuration list for PBXNativeTarget "RockPaperScissorsWinLose" */ = {
			isa = XCConfigurationList;
			buildConfigurations = (
				822AF1CE2DB2E36B0073ACF1 /* Debug */,
				822AF1CF2DB2E36B0073ACF1 /* Release */,
			);
			defaultConfigurationIsVisible = 0;
			defaultConfigurationName = Release;
		};
		822AF1D02DB2E36B0073ACF1 /* Build configuration list for PBXNativeTarget "RockPaperScissorsWinLoseTests" */ = {
			isa = XCConfigurationList;
			buildConfigurations = (
				822AF1D12DB2E36B0073ACF1 /* Debug */,
				822AF1D22DB2E36B0073ACF1 /* Release */,
			);
			defaultConfigurationIsVisible = 0;
			defaultConfigurationName = Release;
		};
		822AF1D32DB2E36B0073ACF1 /* Build configuration list for PBXNativeTarget "RockPaperScissorsWinLoseUITests" */ = {
			isa = XCConfigurationList;
			buildConfigurations = (
				822AF1D42DB2E36B0073ACF1 /* Debug */,
				822AF1D52DB2E36B0073ACF1 /* Release */,
			);
			defaultConfigurationIsVisible = 0;
			defaultConfigurationName = Release;
		};
/* End XCConfigurationList section */
	};
	rootObject = 822AF1A12DB2E36A0073ACF1 /* Project object */;
}
