// !$*UTF8*$!
{
	archiveVersion = 1;
	classes = {
	};
	objectVersion = 77;
	objects = {

/* Begin PBXContainerItemProxy section */
		82C208E12D934D3500B74C4A /* PBXContainerItemProxy */ = {
			isa = PBXContainerItemProxy;
			containerPortal = 82C208C82D934D3300B74C4A /* Project object */;
			proxyType = 1;
			remoteGlobalIDString = 82C208CF2D934D3300B74C4A;
			remoteInfo = ViewsAndModifiers;
		};
		82C208EB2D934D3500B74C4A /* PBXContainerItemProxy */ = {
			isa = PBXContainerItemProxy;
			containerPortal = 82C208C82D934D3300B74C4A /* Project object */;
			proxyType = 1;
			remoteGlobalIDString = 82C208CF2D934D3300B74C4A;
			remoteInfo = ViewsAndModifiers;
		};
/* End PBXContainerItemProxy section */

/* Begin PBXFileReference section */
		82C208D02D934D3300B74C4A /* ViewsAndModifiers.app */ = {isa = PBXFileReference; explicitFileType = wrapper.application; includeInIndex = 0; path = ViewsAndModifiers.app; sourceTree = BUILT_PRODUCTS_DIR; };
		82C208E02D934D3500B74C4A /* ViewsAndModifiersTests.xctest */ = {isa = PBXFileReference; explicitFileType = wrapper.cfbundle; includeInIndex = 0; path = ViewsAndModifiersTests.xctest; sourceTree = BUILT_PRODUCTS_DIR; };
		82C208EA2D934D3500B74C4A /* ViewsAndModifiersUITests.xctest */ = {isa = PBXFileReference; explicitFileType = wrapper.cfbundle; includeInIndex = 0; path = ViewsAndModifiersUITests.xctest; sourceTree = BUILT_PRODUCTS_DIR; };
/* End PBXFileReference section */

/* Begin PBXFileSystemSynchronizedRootGroup section */
		82C208D22D934D3300B74C4A /* ViewsAndModifiers */ = {
			isa = PBXFileSystemSynchronizedRootGroup;
			path = ViewsAndModifiers;
			sourceTree = "<group>";
		};
		82C208E32D934D3500B74C4A /* ViewsAndModifiersTests */ = {
			isa = PBXFileSystemSynchronizedRootGroup;
			path = ViewsAndModifiersTests;
			sourceTree = "<group>";
		};
		82C208ED2D934D3500B74C4A /* ViewsAndModifiersUITests */ = {
			isa = PBXFileSystemSynchronizedRootGroup;
			path = ViewsAndModifiersUITests;
			sourceTree = "<group>";
		};
/* End PBXFileSystemSynchronizedRootGroup section */

/* Begin PBXFrameworksBuildPhase section */
		82C208CD2D934D3300B74C4A /* Frameworks */ = {
			isa = PBXFrameworksBuildPhase;
			buildActionMask = 2147483647;
			files = (
			);
			runOnlyForDeploymentPostprocessing = 0;
		};
		82C208DD2D934D3500B74C4A /* Frameworks */ = {
			isa = PBXFrameworksBuildPhase;
			buildActionMask = 2147483647;
			files = (
			);
			runOnlyForDeploymentPostprocessing = 0;
		};
		82C208E72D934D3500B74C4A /* Frameworks */ = {
			isa = PBXFrameworksBuildPhase;
			buildActionMask = 2147483647;
			files = (
			);
			runOnlyForDeploymentPostprocessing = 0;
		};
/* End PBXFrameworksBuildPhase section */

/* Begin PBXGroup section */
		82C208C72D934D3300B74C4A = {
			isa = PBXGroup;
			children = (
				82C208D22D934D3300B74C4A /* ViewsAndModifiers */,
				82C208E32D934D3500B74C4A /* ViewsAndModifiersTests */,
				82C208ED2D934D3500B74C4A /* ViewsAndModifiersUITests */,
				82C208D12D934D3300B74C4A /* Products */,
			);
			sourceTree = "<group>";
		};
		82C208D12D934D3300B74C4A /* Products */ = {
			isa = PBXGroup;
			children = (
				82C208D02D934D3300B74C4A /* ViewsAndModifiers.app */,
				82C208E02D934D3500B74C4A /* ViewsAndModifiersTests.xctest */,
				82C208EA2D934D3500B74C4A /* ViewsAndModifiersUITests.xctest */,
			);
			name = Products;
			sourceTree = "<group>";
		};
/* End PBXGroup section */

/* Begin PBXNativeTarget section */
		82C208CF2D934D3300B74C4A /* ViewsAndModifiers */ = {
			isa = PBXNativeTarget;
			buildConfigurationList = 82C208F42D934D3500B74C4A /* Build configuration list for PBXNativeTarget "ViewsAndModifiers" */;
			buildPhases = (
				82C208CC2D934D3300B74C4A /* Sources */,
				82C208CD2D934D3300B74C4A /* Frameworks */,
				82C208CE2D934D3300B74C4A /* Resources */,
			);
			buildRules = (
			);
			dependencies = (
			);
			fileSystemSynchronizedGroups = (
				82C208D22D934D3300B74C4A /* ViewsAndModifiers */,
			);
			name = ViewsAndModifiers;
			packageProductDependencies = (
			);
			productName = ViewsAndModifiers;
			productReference = 82C208D02D934D3300B74C4A /* ViewsAndModifiers.app */;
			productType = "com.apple.product-type.application";
		};
		82C208DF2D934D3500B74C4A /* ViewsAndModifiersTests */ = {
			isa = PBXNativeTarget;
			buildConfigurationList = 82C208F72D934D3500B74C4A /* Build configuration list for PBXNativeTarget "ViewsAndModifiersTests" */;
			buildPhases = (
				82C208DC2D934D3500B74C4A /* Sources */,
				82C208DD2D934D3500B74C4A /* Frameworks */,
				82C208DE2D934D3500B74C4A /* Resources */,
			);
			buildRules = (
			);
			dependencies = (
				82C208E22D934D3500B74C4A /* PBXTargetDependency */,
			);
			fileSystemSynchronizedGroups = (
				82C208E32D934D3500B74C4A /* ViewsAndModifiersTests */,
			);
			name = ViewsAndModifiersTests;
			packageProductDependencies = (
			);
			productName = ViewsAndModifiersTests;
			productReference = 82C208E02D934D3500B74C4A /* ViewsAndModifiersTests.xctest */;
			productType = "com.apple.product-type.bundle.unit-test";
		};
		82C208E92D934D3500B74C4A /* ViewsAndModifiersUITests */ = {
			isa = PBXNativeTarget;
			buildConfigurationList = 82C208FA2D934D3500B74C4A /* Build configuration list for PBXNativeTarget "ViewsAndModifiersUITests" */;
			buildPhases = (
				82C208E62D934D3500B74C4A /* Sources */,
				82C208E72D934D3500B74C4A /* Frameworks */,
				82C208E82D934D3500B74C4A /* Resources */,
			);
			buildRules = (
			);
			dependencies = (
				82C208EC2D934D3500B74C4A /* PBXTargetDependency */,
			);
			fileSystemSynchronizedGroups = (
				82C208ED2D934D3500B74C4A /* ViewsAndModifiersUITests */,
			);
			name = ViewsAndModifiersUITests;
			packageProductDependencies = (
			);
			productName = ViewsAndModifiersUITests;
			productReference = 82C208EA2D934D3500B74C4A /* ViewsAndModifiersUITests.xctest */;
			productType = "com.apple.product-type.bundle.ui-testing";
		};
/* End PBXNativeTarget section */

/* Begin PBXProject section */
		82C208C82D934D3300B74C4A /* Project object */ = {
			isa = PBXProject;
			attributes = {
				BuildIndependentTargetsInParallel = 1;
				LastSwiftUpdateCheck = 1620;
				LastUpgradeCheck = 1620;
				TargetAttributes = {
					82C208CF2D934D3300B74C4A = {
						CreatedOnToolsVersion = 16.2;
					};
					82C208DF2D934D3500B74C4A = {
						CreatedOnToolsVersion = 16.2;
						TestTargetID = 82C208CF2D934D3300B74C4A;
					};
					82C208E92D934D3500B74C4A = {
						CreatedOnToolsVersion = 16.2;
						TestTargetID = 82C208CF2D934D3300B74C4A;
					};
				};
			};
			buildConfigurationList = 82C208CB2D934D3300B74C4A /* Build configuration list for PBXProject "ViewsAndModifiers" */;
			developmentRegion = en;
			hasScannedForEncodings = 0;
			knownRegions = (
				en,
				Base,
			);
			mainGroup = 82C208C72D934D3300B74C4A;
			minimizedProjectReferenceProxies = 1;
			preferredProjectObjectVersion = 77;
			productRefGroup = 82C208D12D934D3300B74C4A /* Products */;
			projectDirPath = "";
			projectRoot = "";
			targets = (
				82C208CF2D934D3300B74C4A /* ViewsAndModifiers */,
				82C208DF2D934D3500B74C4A /* ViewsAndModifiersTests */,
				82C208E92D934D3500B74C4A /* ViewsAndModifiersUITests */,
			);
		};
/* End PBXProject section */

/* Begin PBXResourcesBuildPhase section */
		82C208CE2D934D3300B74C4A /* Resources */ = {
			isa = PBXResourcesBuildPhase;
			buildActionMask = 2147483647;
			files = (
			);
			runOnlyForDeploymentPostprocessing = 0;
		};
		82C208DE2D934D3500B74C4A /* Resources */ = {
			isa = PBXResourcesBuildPhase;
			buildActionMask = 2147483647;
			files = (
			);
			runOnlyForDeploymentPostprocessing = 0;
		};
		82C208E82D934D3500B74C4A /* Resources */ = {
			isa = PBXResourcesBuildPhase;
			buildActionMask = 2147483647;
			files = (
			);
			runOnlyForDeploymentPostprocessing = 0;
		};
/* End PBXResourcesBuildPhase section */

/* Begin PBXSourcesBuildPhase section */
		82C208CC2D934D3300B74C4A /* Sources */ = {
			isa = PBXSourcesBuildPhase;
			buildActionMask = 2147483647;
			files = (
			);
			runOnlyForDeploymentPostprocessing = 0;
		};
		82C208DC2D934D3500B74C4A /* Sources */ = {
			isa = PBXSourcesBuildPhase;
			buildActionMask = 2147483647;
			files = (
			);
			runOnlyForDeploymentPostprocessing = 0;
		};
		82C208E62D934D3500B74C4A /* Sources */ = {
			isa = PBXSourcesBuildPhase;
			buildActionMask = 2147483647;
			files = (
			);
			runOnlyForDeploymentPostprocessing = 0;
		};
/* End PBXSourcesBuildPhase section */

/* Begin PBXTargetDependency section */
		82C208E22D934D3500B74C4A /* PBXTargetDependency */ = {
			isa = PBXTargetDependency;
			target = 82C208CF2D934D3300B74C4A /* ViewsAndModifiers */;
			targetProxy = 82C208E12D934D3500B74C4A /* PBXContainerItemProxy */;
		};
		82C208EC2D934D3500B74C4A /* PBXTargetDependency */ = {
			isa = PBXTargetDependency;
			target = 82C208CF2D934D3300B74C4A /* ViewsAndModifiers */;
			targetProxy = 82C208EB2D934D3500B74C4A /* PBXContainerItemProxy */;
		};
/* End PBXTargetDependency section */

/* Begin XCBuildConfiguration section */
		82C208F22D934D3500B74C4A /* Debug */ = {
			isa = XCBuildConfiguration;
			buildSettings = {
				ALWAYS_SEARCH_USER_PATHS = NO;
				ASSETCATALOG_COMPILER_GENERATE_SWIFT_ASSET_SYMBOL_EXTENSIONS = YES;
				CLANG_ANALYZER_NONNULL = YES;
				CLANG_ANALYZER_NUMBER_OBJECT_CONVERSION = YES_AGGRESSIVE;
				CLANG_CXX_LANGUAGE_STANDARD = "gnu++20";
				CLANG_ENABLE_MODULES = YES;
				CLANG_ENABLE_OBJC_ARC = YES;
				CLANG_ENABLE_OBJC_WEAK = YES;
				CLANG_WARN_BLOCK_CAPTURE_AUTORELEASING = YES;
				CLANG_WARN_BOOL_CONVERSION = YES;
				CLANG_WARN_COMMA = YES;
				CLANG_WARN_CONSTANT_CONVERSION = YES;
				CLANG_WARN_DEPRECATED_OBJC_IMPLEMENTATIONS = YES;
				CLANG_WARN_DIRECT_OBJC_ISA_USAGE = YES_ERROR;
				CLANG_WARN_DOCUMENTATION_COMMENTS = YES;
				CLANG_WARN_EMPTY_BODY = YES;
				CLANG_WARN_ENUM_CONVERSION = YES;
				CLANG_WARN_INFINITE_RECURSION = YES;
				CLANG_WARN_INT_CONVERSION = YES;
				CLANG_WARN_NON_LITERAL_NULL_CONVERSION = YES;
				CLANG_WARN_OBJC_IMPLICIT_RETAIN_SELF = YES;
				CLANG_WARN_OBJC_LITERAL_CONVERSION = YES;
				CLANG_WARN_OBJC_ROOT_CLASS = YES_ERROR;
				CLANG_WARN_QUOTED_INCLUDE_IN_FRAMEWORK_HEADER = YES;
				CLANG_WARN_RANGE_LOOP_ANALYSIS = YES;
				CLANG_WARN_STRICT_PROTOTYPES = YES;
				CLANG_WARN_SUSPICIOUS_MOVE = YES;
				CLANG_WARN_UNGUARDED_AVAILABILITY = YES_AGGRESSIVE;
				CLANG_WARN_UNREACHABLE_CODE = YES;
				CLANG_WARN__DUPLICATE_METHOD_MATCH = YES;
				COPY_PHASE_STRIP = NO;
				DEBUG_INFORMATION_FORMAT = dwarf;
				ENABLE_STRICT_OBJC_MSGSEND = YES;
				ENABLE_TESTABILITY = YES;
				ENABLE_USER_SCRIPT_SANDBOXING = YES;
				GCC_C_LANGUAGE_STANDARD = gnu17;
				GCC_DYNAMIC_NO_PIC = NO;
				GCC_NO_COMMON_BLOCKS = YES;
				GCC_OPTIMIZATION_LEVEL = 0;
				GCC_PREPROCESSOR_DEFINITIONS = (
					"DEBUG=1",
					"$(inherited)",
				);
				GCC_WARN_64_TO_32_BIT_CONVERSION = YES;
				GCC_WARN_ABOUT_RETURN_TYPE = YES_ERROR;
				GCC_WARN_UNDECLARED_SELECTOR = YES;
				GCC_WARN_UNINITIALIZED_AUTOS = YES_AGGRESSIVE;
				GCC_WARN_UNUSED_FUNCTION = YES;
				GCC_WARN_UNUSED_VARIABLE = YES;
				IPHONEOS_DEPLOYMENT_TARGET = 18.2;
				LOCALIZATION_PREFERS_STRING_CATALOGS = YES;
				MTL_ENABLE_DEBUG_INFO = INCLUDE_SOURCE;
				MTL_FAST_MATH = YES;
				ONLY_ACTIVE_ARCH = YES;
				SDKROOT = iphoneos;
				SWIFT_ACTIVE_COMPILATION_CONDITIONS = "DEBUG $(inherited)";
				SWIFT_OPTIMIZATION_LEVEL = "-Onone";
			};
			name = Debug;
		};
		82C208F32D934D3500B74C4A /* Release */ = {
			isa = XCBuildConfiguration;
			buildSettings = {
				ALWAYS_SEARCH_USER_PATHS = NO;
				ASSETCATALOG_COMPILER_GENERATE_SWIFT_ASSET_SYMBOL_EXTENSIONS = YES;
				CLANG_ANALYZER_NONNULL = YES;
				CLANG_ANALYZER_NUMBER_OBJECT_CONVERSION = YES_AGGRESSIVE;
				CLANG_CXX_LANGUAGE_STANDARD = "gnu++20";
				CLANG_ENABLE_MODULES = YES;
				CLANG_ENABLE_OBJC_ARC = YES;
				CLANG_ENABLE_OBJC_WEAK = YES;
				CLANG_WARN_BLOCK_CAPTURE_AUTORELEASING = YES;
				CLANG_WARN_BOOL_CONVERSION = YES;
				CLANG_WARN_COMMA = YES;
				CLANG_WARN_CONSTANT_CONVERSION = YES;
				CLANG_WARN_DEPRECATED_OBJC_IMPLEMENTATIONS = YES;
				CLANG_WARN_DIRECT_OBJC_ISA_USAGE = YES_ERROR;
				CLANG_WARN_DOCUMENTATION_COMMENTS = YES;
				CLANG_WARN_EMPTY_BODY = YES;
				CLANG_WARN_ENUM_CONVERSION = YES;
				CLANG_WARN_INFINITE_RECURSION = YES;
				CLANG_WARN_INT_CONVERSION = YES;
				CLANG_WARN_NON_LITERAL_NULL_CONVERSION = YES;
				CLANG_WARN_OBJC_IMPLICIT_RETAIN_SELF = YES;
				CLANG_WARN_OBJC_LITERAL_CONVERSION = YES;
				CLANG_WARN_OBJC_ROOT_CLASS = YES_ERROR;
				CLANG_WARN_QUOTED_INCLUDE_IN_FRAMEWORK_HEADER = YES;
				CLANG_WARN_RANGE_LOOP_ANALYSIS = YES;
				CLANG_WARN_STRICT_PROTOTYPES = YES;
				CLANG_WARN_SUSPICIOUS_MOVE = YES;
				CLANG_WARN_UNGUARDED_AVAILABILITY = YES_AGGRESSIVE;
				CLANG_WARN_UNREACHABLE_CODE = YES;
				CLANG_WARN__DUPLICATE_METHOD_MATCH = YES;
				COPY_PHASE_STRIP = NO;
				DEBUG_INFORMATION_FORMAT = "dwarf-with-dsym";
				ENABLE_NS_ASSERTIONS = NO;
				ENABLE_STRICT_OBJC_MSGSEND = YES;
				ENABLE_USER_SCRIPT_SANDBOXING = YES;
				GCC_C_LANGUAGE_STANDARD = gnu17;
				GCC_NO_COMMON_BLOCKS = YES;
				GCC_WARN_64_TO_32_BIT_CONVERSION = YES;
				GCC_WARN_ABOUT_RETURN_TYPE = YES_ERROR;
				GCC_WARN_UNDECLARED_SELECTOR = YES;
				GCC_WARN_UNINITIALIZED_AUTOS = YES_AGGRESSIVE;
				GCC_WARN_UNUSED_FUNCTION = YES;
				GCC_WARN_UNUSED_VARIABLE = YES;
				IPHONEOS_DEPLOYMENT_TARGET = 18.2;
				LOCALIZATION_PREFERS_STRING_CATALOGS = YES;
				MTL_ENABLE_DEBUG_INFO = NO;
				MTL_FAST_MATH = YES;
				SDKROOT = iphoneos;
				SWIFT_COMPILATION_MODE = wholemodule;
				VALIDATE_PRODUCT = YES;
			};
			name = Release;
		};
		82C208F52D934D3500B74C4A /* Debug */ = {
			isa = XCBuildConfiguration;
			buildSettings = {
				ASSETCATALOG_COMPILER_APPICON_NAME = AppIcon;
				ASSETCATALOG_COMPILER_GLOBAL_ACCENT_COLOR_NAME = AccentColor;
				CODE_SIGN_STYLE = Automatic;
				CURRENT_PROJECT_VERSION = 1;
				DEVELOPMENT_ASSET_PATHS = "\"ViewsAndModifiers/Preview Content\"";
				DEVELOPMENT_TEAM = 5Z853L7CZU;
				ENABLE_PREVIEWS = YES;
				GENERATE_INFOPLIST_FILE = YES;
				INFOPLIST_KEY_UIApplicationSceneManifest_Generation = YES;
				INFOPLIST_KEY_UIApplicationSupportsIndirectInputEvents = YES;
				INFOPLIST_KEY_UILaunchScreen_Generation = YES;
				INFOPLIST_KEY_UISupportedInterfaceOrientations_iPad = "UIInterfaceOrientationPortrait UIInterfaceOrientationPortraitUpsideDown UIInterfaceOrientationLandscapeLeft UIInterfaceOrientationLandscapeRight";
				INFOPLIST_KEY_UISupportedInterfaceOrientations_iPhone = "UIInterfaceOrientationPortrait UIInterfaceOrientationLandscapeLeft UIInterfaceOrientationLandscapeRight";
				LD_RUNPATH_SEARCH_PATHS = (
					"$(inherited)",
					"@executable_path/Frameworks",
				);
				MARKETING_VERSION = 1.0;
				PRODUCT_BUNDLE_IDENTIFIER = com.uglyelf.ViewsAndModifiers;
				PRODUCT_NAME = "$(TARGET_NAME)";
				SWIFT_EMIT_LOC_STRINGS = YES;
				SWIFT_VERSION = 5.0;
				TARGETED_DEVICE_FAMILY = "1,2";
			};
			name = Debug;
		};
		82C208F62D934D3500B74C4A /* Release */ = {
			isa = XCBuildConfiguration;
			buildSettings = {
				ASSETCATALOG_COMPILER_APPICON_NAME = AppIcon;
				ASSETCATALOG_COMPILER_GLOBAL_ACCENT_COLOR_NAME = AccentColor;
				CODE_SIGN_STYLE = Automatic;
				CURRENT_PROJECT_VERSION = 1;
				DEVELOPMENT_ASSET_PATHS = "\"ViewsAndModifiers/Preview Content\"";
				DEVELOPMENT_TEAM = 5Z853L7CZU;
				ENABLE_PREVIEWS = YES;
				GENERATE_INFOPLIST_FILE = YES;
				INFOPLIST_KEY_UIApplicationSceneManifest_Generation = YES;
				INFOPLIST_KEY_UIApplicationSupportsIndirectInputEvents = YES;
				INFOPLIST_KEY_UILaunchScreen_Generation = YES;
				INFOPLIST_KEY_UISupportedInterfaceOrientations_iPad = "UIInterfaceOrientationPortrait UIInterfaceOrientationPortraitUpsideDown UIInterfaceOrientationLandscapeLeft UIInterfaceOrientationLandscapeRight";
				INFOPLIST_KEY_UISupportedInterfaceOrientations_iPhone = "UIInterfaceOrientationPortrait UIInterfaceOrientationLandscapeLeft UIInterfaceOrientationLandscapeRight";
				LD_RUNPATH_SEARCH_PATHS = (
					"$(inherited)",
					"@executable_path/Frameworks",
				);
				MARKETING_VERSION = 1.0;
				PRODUCT_BUNDLE_IDENTIFIER = com.uglyelf.ViewsAndModifiers;
				PRODUCT_NAME = "$(TARGET_NAME)";
				SWIFT_EMIT_LOC_STRINGS = YES;
				SWIFT_VERSION = 5.0;
				TARGETED_DEVICE_FAMILY = "1,2";
			};
			name = Release;
		};
		82C208F82D934D3500B74C4A /* Debug */ = {
			isa = XCBuildConfiguration;
			buildSettings = {
				BUNDLE_LOADER = "$(TEST_HOST)";
				CODE_SIGN_STYLE = Automatic;
				CURRENT_PROJECT_VERSION = 1;
				DEVELOPMENT_TEAM = 5Z853L7CZU;
				GENERATE_INFOPLIST_FILE = YES;
				IPHONEOS_DEPLOYMENT_TARGET = 18.2;
				MARKETING_VERSION = 1.0;
				PRODUCT_BUNDLE_IDENTIFIER = com.uglyelf.ViewsAndModifiersTests;
				PRODUCT_NAME = "$(TARGET_NAME)";
				SWIFT_EMIT_LOC_STRINGS = NO;
				SWIFT_VERSION = 5.0;
				TARGETED_DEVICE_FAMILY = "1,2";
				TEST_HOST = "$(BUILT_PRODUCTS_DIR)/ViewsAndModifiers.app/$(BUNDLE_EXECUTABLE_FOLDER_PATH)/ViewsAndModifiers";
			};
			name = Debug;
		};
		82C208F92D934D3500B74C4A /* Release */ = {
			isa = XCBuildConfiguration;
			buildSettings = {
				BUNDLE_LOADER = "$(TEST_HOST)";
				CODE_SIGN_STYLE = Automatic;
				CURRENT_PROJECT_VERSION = 1;
				DEVELOPMENT_TEAM = 5Z853L7CZU;
				GENERATE_INFOPLIST_FILE = YES;
				IPHONEOS_DEPLOYMENT_TARGET = 18.2;
				MARKETING_VERSION = 1.0;
				PRODUCT_BUNDLE_IDENTIFIER = com.uglyelf.ViewsAndModifiersTests;
				PRODUCT_NAME = "$(TARGET_NAME)";
				SWIFT_EMIT_LOC_STRINGS = NO;
				SWIFT_VERSION = 5.0;
				TARGETED_DEVICE_FAMILY = "1,2";
				TEST_HOST = "$(BUILT_PRODUCTS_DIR)/ViewsAndModifiers.app/$(BUNDLE_EXECUTABLE_FOLDER_PATH)/ViewsAndModifiers";
			};
			name = Release;
		};
		82C208FB2D934D3500B74C4A /* Debug */ = {
			isa = XCBuildConfiguration;
			buildSettings = {
				CODE_SIGN_STYLE = Automatic;
				CURRENT_PROJECT_VERSION = 1;
				DEVELOPMENT_TEAM = 5Z853L7CZU;
				GENERATE_INFOPLIST_FILE = YES;
				MARKETING_VERSION = 1.0;
				PRODUCT_BUNDLE_IDENTIFIER = com.uglyelf.ViewsAndModifiersUITests;
				PRODUCT_NAME = "$(TARGET_NAME)";
				SWIFT_EMIT_LOC_STRINGS = NO;
				SWIFT_VERSION = 5.0;
				TARGETED_DEVICE_FAMILY = "1,2";
				TEST_TARGET_NAME = ViewsAndModifiers;
			};
			name = Debug;
		};
		82C208FC2D934D3500B74C4A /* Release */ = {
			isa = XCBuildConfiguration;
			buildSettings = {
				CODE_SIGN_STYLE = Automatic;
				CURRENT_PROJECT_VERSION = 1;
				DEVELOPMENT_TEAM = 5Z853L7CZU;
				GENERATE_INFOPLIST_FILE = YES;
				MARKETING_VERSION = 1.0;
				PRODUCT_BUNDLE_IDENTIFIER = com.uglyelf.ViewsAndModifiersUITests;
				PRODUCT_NAME = "$(TARGET_NAME)";
				SWIFT_EMIT_LOC_STRINGS = NO;
				SWIFT_VERSION = 5.0;
				TARGETED_DEVICE_FAMILY = "1,2";
				TEST_TARGET_NAME = ViewsAndModifiers;
			};
			name = Release;
		};
/* End XCBuildConfiguration section */

/* Begin XCConfigurationList section */
		82C208CB2D934D3300B74C4A /* Build configuration list for PBXProject "ViewsAndModifiers" */ = {
			isa = XCConfigurationList;
			buildConfigurations = (
				82C208F22D934D3500B74C4A /* Debug */,
				82C208F32D934D3500B74C4A /* Release */,
			);
			defaultConfigurationIsVisible = 0;
			defaultConfigurationName = Release;
		};
		82C208F42D934D3500B74C4A /* Build configuration list for PBXNativeTarget "ViewsAndModifiers" */ = {
			isa = XCConfigurationList;
			buildConfigurations = (
				82C208F52D934D3500B74C4A /* Debug */,
				82C208F62D934D3500B74C4A /* Release */,
			);
			defaultConfigurationIsVisible = 0;
			defaultConfigurationName = Release;
		};
		82C208F72D934D3500B74C4A /* Build configuration list for PBXNativeTarget "ViewsAndModifiersTests" */ = {
			isa = XCConfigurationList;
			buildConfigurations = (
				82C208F82D934D3500B74C4A /* Debug */,
				82C208F92D934D3500B74C4A /* Release */,
			);
			defaultConfigurationIsVisible = 0;
			defaultConfigurationName = Release;
		};
		82C208FA2D934D3500B74C4A /* Build configuration list for PBXNativeTarget "ViewsAndModifiersUITests" */ = {
			isa = XCConfigurationList;
			buildConfigurations = (
				82C208FB2D934D3500B74C4A /* Debug */,
				82C208FC2D934D3500B74C4A /* Release */,
			);
			defaultConfigurationIsVisible = 0;
			defaultConfigurationName = Release;
		};
/* End XCConfigurationList section */
	};
	rootObject = 82C208C82D934D3300B74C4A /* Project object */;
}
